
Microsoft Visual Studio Solution File, Format Version 12.00
# Visual Studio Version 17
VisualStudioVersion = 17.8.34330.188
MinimumVisualStudioVersion = 10.0.40219.1
Project("{FAE04EC0-301F-11D3-BF4B-00C04F79EFBC}") = "LINQexampleV2", "LINQexampleV2\LINQexampleV2.csproj", "{EC9D5C00-69D3-48F2-94ED-A207CD6CC299}"
EndProject
Global
	GlobalSection(SolutionConfigurationPlatforms) = preSolution
		Debug|Any CPU = Debug|Any CPU
		Release|Any CPU = Release|Any CPU
	EndGlobalSection
	GlobalSection(ProjectConfigurationPlatforms) = postSolution
		{EC9D5C00-69D3-48F2-94ED-A207CD6CC299}.Debug|Any CPU.ActiveCfg = Debug|Any CPU
		{EC9D5C00-69D3-48F2-94ED-A207CD6CC299}.Debug|Any CPU.Build.0 = Debug|Any CPU
		{EC9D5C00-69D3-48F2-94ED-A207CD6CC299}.Release|Any CPU.ActiveCfg = Release|Any CPU
		{EC9D5C00-69D3-48F2-94ED-A207CD6CC299}.Release|Any CPU.Build.0 = Release|Any CPU
	EndGlobalSection
	GlobalSection(SolutionProperties) = preSolution
		HideSolutionNode = FALSE
	EndGlobalSection
	GlobalSection(ExtensibilityGlobals) = postSolution
		SolutionGuid = {7B967E9D-44D5-4BBA-8F4D-CB0BB637E5CF}
	EndGlobalSection
EndGlobal
